# THIS IS AN AUTOGENERATED FILE. DO NOT EDIT THIS FILE DIRECTLY.
# yarn lockfile v1


"@angular/common@^21.2.4", "@angular/common@21.2.4":
  version "21.2.4"
  resolved "https://registry.npmjs.org/@angular/common/-/common-21.2.4.tgz"
  integrity sha512-NrP6qOuUpo3fqq14UJ1b2bIRtWsfvxh1qLqOyFV4gfBrHhXd0XffU1LUlUw1qp4w1uBSgPJ0/N5bSPUWrAguVg==
  dependencies:
    tslib "^2.3.0"

"@angular/core@^21.2.4", "@angular/core@21.2.4":
  version "21.2.4"
  resolved "https://registry.npmjs.org/@angular/core/-/core-21.2.4.tgz"
  integrity sha512-2+gd67ZuXHpGOqeb2o7XZPueEWEP81eJza2tSHkT5QMV8lnYllDEmaNnkPxnIjSLGP1O3PmiXxo4z8ibHkLZwg==
  dependencies:
    tslib "^2.3.0"

"@angular/forms@^21.2.4":
  version "21.2.4"
  resolved "https://registry.npmjs.org/@angular/forms/-/forms-21.2.4.tgz"
  integrity sha512-1fOhctA9ADEBYjI3nPQUR5dHsK2+UWAjup37Ksldk/k0w8UpD5YsN7JVNvsDMZRFMucKYcGykPblU7pABtsqnQ==
  dependencies:
    "@standard-schema/spec" "^1.0.0"
    tslib "^2.3.0"

"@angular/platform-browser@^21.2.4", "@angular/platform-browser@21.2.4":
  version "21.2.4"
  resolved "https://registry.npmjs.org/@angular/platform-browser/-/platform-browser-21.2.4.tgz"
  integrity sha512-1A9e/cQVu+3BkRCktLcO3RZGuw8NOTHw1frUUrpAz+iMyvIT4sDRFbL+U1g8qmOCZqRNC1Pi1HZfZ1kl6kvrcQ==
  dependencies:
    tslib "^2.3.0"

"@standard-schema/spec@^1.0.0":
  version "1.1.0"
  resolved "https://registry.npmjs.org/@standard-schema/spec/-/spec-1.1.0.tgz"
  integrity sha512-l2aFy5jALhniG5HgqrD6jXLi/rUWrKvqN/qJx6yoJsgKhblVd+iqqU4RCXavm/jPityDo5TCvKMnpjKnOriy0w==

"rxjs@^6.5.3 || ^7.4.0":
  version "7.8.2"
  resolved "https://registry.npmjs.org/rxjs/-/rxjs-7.8.2.tgz"
  integrity sha512-dhKf903U/PQZY6boNNtAGdWbG85WAbjT/1xYoZIC7FAY0yWapOBQVsVrDl58W86//e1VpMNBtRV4MaXfdMySFA==
  dependencies:
    tslib "^2.1.0"

tslib@^2.1.0, tslib@^2.3.0:
  version "2.8.1"
  resolved "https://registry.npmjs.org/tslib/-/tslib-2.8.1.tgz"
  integrity sha512-oJFu94HQb+KVduSUQL7wnpmqnfmLsOA/nAh6b6EH0wCEoK0/mPeXU6c3wKDV83MkOuHPRHtSXKKU99IBazS/2w==
